
Microsoft Visual Studio Solution File, Format Version 12.00
# Visual Studio Version 17
VisualStudioVersion = 17.0.31919.166
MinimumVisualStudioVersion = 10.0.40219.1
Project("{9A19103F-16F7-4668-BE54-9A1E7A4F7556}") = "NewsAggregator.Data", "NewsAggregator.Data\NewsAggregator.Data.csproj", "{9A88E898-844B-4CCE-B0CF-61DB1848CEA7}"
EndProject
Project("{9A19103F-16F7-4668-BE54-9A1E7A4F7556}") = "NewsAggregator.Core", "NewsAggregator.Core\NewsAggregator.Core.csproj", "{38E0222C-476A-4045-84AD-79061887A8D4}"
EndProject
Project("{9A19103F-16F7-4668-BE54-9A1E7A4F7556}") = "NewsAggregator.Domain", "NewsAggregator.Domain\NewsAggregator.Domain.csproj", "{2794189F-88F2-428A-8586-A40676C41C4C}"
EndProject
Project("{9A19103F-16F7-4668-BE54-9A1E7A4F7556}") = "NewsAggregator.App", "NewsAggregator.App\NewsAggregator.App.csproj", "{29B42DA9-6000-4E8A-ADF2-43415B351819}"
EndProject
Project("{2150E333-8FDC-42A3-9474-1A3956D46DE8}") = "Data", "Data", "{6E2D1D8A-98FC-4EE3-B3CF-EA9128221624}"
EndProject
Project("{9A19103F-16F7-4668-BE54-9A1E7A4F7556}") = "NewsAggregator.DataAccess", "NewsAggregator.DataAccess\NewsAggregator.DataAccess.csproj", "{9B3E0938-F9F2-430E-98CB-BAA896F43688}"
EndProject
Project("{9A19103F-16F7-4668-BE54-9A1E7A4F7556}") = "NewsAggregator.WebAPI", "NewsAggregator.WebAPI\NewsAggregator.WebAPI.csproj", "{776BEBCB-4FEC-4471-ABD5-B51A702BB27A}"
EndProject
Project("{9A19103F-16F7-4668-BE54-9A1E7A4F7556}") = "NewsAggregator.CQS", "CQS\NewsAggregator.CQS.csproj", "{C60FFF97-CD6C-4833-A6A3-949C4E3688FC}"
EndProject
Global
	GlobalSection(SolutionConfigurationPlatforms) = preSolution
		Debug|Any CPU = Debug|Any CPU
		Release|Any CPU = Release|Any CPU
	EndGlobalSection
	GlobalSection(ProjectConfigurationPlatforms) = postSolution
		{9A88E898-844B-4CCE-B0CF-61DB1848CEA7}.Debug|Any CPU.ActiveCfg = Debug|Any CPU
		{9A88E898-844B-4CCE-B0CF-61DB1848CEA7}.Debug|Any CPU.Build.0 = Debug|Any CPU
		{9A88E898-844B-4CCE-B0CF-61DB1848CEA7}.Release|Any CPU.ActiveCfg = Release|Any CPU
		{9A88E898-844B-4CCE-B0CF-61DB1848CEA7}.Release|Any CPU.Build.0 = Release|Any CPU
		{38E0222C-476A-4045-84AD-79061887A8D4}.Debug|Any CPU.ActiveCfg = Debug|Any CPU
		{38E0222C-476A-4045-84AD-79061887A8D4}.Debug|Any CPU.Build.0 = Debug|Any CPU
		{38E0222C-476A-4045-84AD-79061887A8D4}.Release|Any CPU.ActiveCfg = Release|Any CPU
		{38E0222C-476A-4045-84AD-79061887A8D4}.Release|Any CPU.Build.0 = Release|Any CPU
		{2794189F-88F2-428A-8586-A40676C41C4C}.Debug|Any CPU.ActiveCfg = Debug|Any CPU
		{2794189F-88F2-428A-8586-A40676C41C4C}.Debug|Any CPU.Build.0 = Debug|Any CPU
		{2794189F-88F2-428A-8586-A40676C41C4C}.Release|Any CPU.ActiveCfg = Release|Any CPU
		{2794189F-88F2-428A-8586-A40676C41C4C}.Release|Any CPU.Build.0 = Release|Any CPU
		{29B42DA9-6000-4E8A-ADF2-43415B351819}.Debug|Any CPU.ActiveCfg = Debug|Any CPU
		{29B42DA9-6000-4E8A-ADF2-43415B351819}.Debug|Any CPU.Build.0 = Debug|Any CPU
		{29B42DA9-6000-4E8A-ADF2-43415B351819}.Release|Any CPU.ActiveCfg = Release|Any CPU
		{29B42DA9-6000-4E8A-ADF2-43415B351819}.Release|Any CPU.Build.0 = Release|Any CPU
		{9B3E0938-F9F2-430E-98CB-BAA896F43688}.Debug|Any CPU.ActiveCfg = Debug|Any CPU
		{9B3E0938-F9F2-430E-98CB-BAA896F43688}.Debug|Any CPU.Build.0 = Debug|Any CPU
		{9B3E0938-F9F2-430E-98CB-BAA896F43688}.Release|Any CPU.ActiveCfg = Release|Any CPU
		{9B3E0938-F9F2-430E-98CB-BAA896F43688}.Release|Any CPU.Build.0 = Release|Any CPU
		{776BEBCB-4FEC-4471-ABD5-B51A702BB27A}.Debug|Any CPU.ActiveCfg = Debug|Any CPU
		{776BEBCB-4FEC-4471-ABD5-B51A702BB27A}.Debug|Any CPU.Build.0 = Debug|Any CPU
		{776BEBCB-4FEC-4471-ABD5-B51A702BB27A}.Release|Any CPU.ActiveCfg = Release|Any CPU
		{776BEBCB-4FEC-4471-ABD5-B51A702BB27A}.Release|Any CPU.Build.0 = Release|Any CPU
		{C60FFF97-CD6C-4833-A6A3-949C4E3688FC}.Debug|Any CPU.ActiveCfg = Debug|Any CPU
		{C60FFF97-CD6C-4833-A6A3-949C4E3688FC}.Debug|Any CPU.Build.0 = Debug|Any CPU
		{C60FFF97-CD6C-4833-A6A3-949C4E3688FC}.Release|Any CPU.ActiveCfg = Release|Any CPU
		{C60FFF97-CD6C-4833-A6A3-949C4E3688FC}.Release|Any CPU.Build.0 = Release|Any CPU
	EndGlobalSection
	GlobalSection(SolutionProperties) = preSolution
		HideSolutionNode = FALSE
	EndGlobalSection
	GlobalSection(NestedProjects) = preSolution
		{9A88E898-844B-4CCE-B0CF-61DB1848CEA7} = {6E2D1D8A-98FC-4EE3-B3CF-EA9128221624}
		{9B3E0938-F9F2-430E-98CB-BAA896F43688} = {6E2D1D8A-98FC-4EE3-B3CF-EA9128221624}
		{C60FFF97-CD6C-4833-A6A3-949C4E3688FC} = {6E2D1D8A-98FC-4EE3-B3CF-EA9128221624}
	EndGlobalSection
	GlobalSection(ExtensibilityGlobals) = postSolution
		SolutionGuid = {5FAB4299-85E4-49E0-9E0B-0AF82B620CB2}
	EndGlobalSection
EndGlobal
